
Microsoft Visual Studio Solution File, Format Version 12.00
# Visual Studio 15
VisualStudioVersion = 15.0.27004.2005
MinimumVisualStudioVersion = 10.0.40219.1
Project("{8BC9CEB8-8B4A-11D0-8D11-00A0C91BC942}") = "f1_osg", "f1_osg\f1_osg.vcxproj", "{7F5AE273-F60A-4386-BAD1-269EAABC54F1}"
EndProject
Global
	GlobalSection(SolutionConfigurationPlatforms) = preSolution
		Debug|x64 = Debug|x64
		Debug|x86 = Debug|x86
		Release|x64 = Release|x64
		Release|x86 = Release|x86
	EndGlobalSection
	GlobalSection(ProjectConfigurationPlatforms) = postSolution
		{7F5AE273-F60A-4386-BAD1-269EAABC54F1}.Debug|x64.ActiveCfg = Debug|x64
		{7F5AE273-F60A-4386-BAD1-269EAABC54F1}.Debug|x64.Build.0 = Debug|x64
		{7F5AE273-F60A-4386-BAD1-269EAABC54F1}.Debug|x86.ActiveCfg = Debug|Win32
		{7F5AE273-F60A-4386-BAD1-269EAABC54F1}.Debug|x86.Build.0 = Debug|Win32
		{7F5AE273-F60A-4386-BAD1-269EAABC54F1}.Release|x64.ActiveCfg = Release|x64
		{7F5AE273-F60A-4386-BAD1-269EAABC54F1}.Release|x64.Build.0 = Release|x64
		{7F5AE273-F60A-4386-BAD1-269EAABC54F1}.Release|x86.ActiveCfg = Release|Win32
		{7F5AE273-F60A-4386-BAD1-269EAABC54F1}.Release|x86.Build.0 = Release|Win32
	EndGlobalSection
	GlobalSection(SolutionProperties) = preSolution
		HideSolutionNode = FALSE
	EndGlobalSection
	GlobalSection(ExtensibilityGlobals) = postSolution
		SolutionGuid = {6EB1E773-3E65-455F-A0C4-38C510E4E913}
	EndGlobalSection
EndGlobal
